
Microsoft Visual Studio Solution File, Format Version 12.00
# Visual Studio Version 17
VisualStudioVersion = 17.12.35527.113
MinimumVisualStudioVersion = 10.0.40219.1
Project("{F184B08F-C81C-45F6-A57F-5ABD9991F28F}") = "Point Of Sale", "Point Of Sale\Point Of Sale.vbproj", "{A11F1B65-6C7A-44C3-BC43-63953CFEBF63}"
EndProject
Project("{54435603-DBB4-11D2-8724-00A0C9A8B90C}") = "POS", "..\POS.vdproj", "{3CB99823-1160-4FF0-8CDF-BCC94EABAEE0}"
EndProject
Global
	GlobalSection(SolutionConfigurationPlatforms) = preSolution
		Debug|Any CPU = Debug|Any CPU
		Release|Any CPU = Release|Any CPU
	EndGlobalSection
	GlobalSection(ProjectConfigurationPlatforms) = postSolution
		{A11F1B65-6C7A-44C3-BC43-63953CFEBF63}.Debug|Any CPU.ActiveCfg = Debug|Any CPU
		{A11F1B65-6C7A-44C3-BC43-63953CFEBF63}.Debug|Any CPU.Build.0 = Debug|Any CPU
		{A11F1B65-6C7A-44C3-BC43-63953CFEBF63}.Release|Any CPU.ActiveCfg = Release|Any CPU
		{A11F1B65-6C7A-44C3-BC43-63953CFEBF63}.Release|Any CPU.Build.0 = Release|Any CPU
		{3CB99823-1160-4FF0-8CDF-BCC94EABAEE0}.Debug|Any CPU.ActiveCfg = Debug
		{3CB99823-1160-4FF0-8CDF-BCC94EABAEE0}.Release|Any CPU.ActiveCfg = Release
	EndGlobalSection
	GlobalSection(SolutionProperties) = preSolution
		HideSolutionNode = FALSE
	EndGlobalSection
EndGlobal
